{
  "originHash" : "6dab35764b25d650a4b6aed3a8feeffa5d8eef404ba9c0d5389a409f550270fc",
  "pins" : [
    {
      "identity" : "significanthobbies",
      "kind" : "remoteSourceControl",
      "location" : "https://github.com/Significant-Hobbies/significanthobbies.git",
      "state" : {
        "revision" : "a9f933b73ba873e1a613bcc145c2d74db8077254"
      }
    }
  ],
  "version" : 3
}
